
Microsoft Visual Studio Solution File, Format Version 12.00
# Visual Studio Version 17
VisualStudioVersion = 17.7.34024.191
MinimumVisualStudioVersion = 10.0.40219.1
Project("{9A19103F-16F7-4668-BE54-9A1E7A4F7556}") = "Odev1-1", "Odev1-1\Odev1-1.csproj", "{28278B23-E066-453A-88CD-047E3183E368}"
EndProject
Project("{9A19103F-16F7-4668-BE54-9A1E7A4F7556}") = "Odev1-2", "..\Odev1-2\Odev1-2\Odev1-2.csproj", "{658FE59A-4DE6-47DA-9E14-35EB4F9A9F9B}"
EndProject
Project("{FAE04EC0-301F-11D3-BF4B-00C04F79EFBC}") = "Odev1-3", "Odev1-3\Odev1-3.csproj", "{F5B0109D-31C9-4818-9F0E-1D994E3EC743}"
EndProject
Project("{FAE04EC0-301F-11D3-BF4B-00C04F79EFBC}") = "Odev1-4", "Odev1-4\Odev1-4.csproj", "{3BF4B293-0FA5-49BB-944B-59B42803475D}"
EndProject
Project("{FAE04EC0-301F-11D3-BF4B-00C04F79EFBC}") = "Odev1-5", "Odev1-5\Odev1-5.csproj", "{0E0A2226-4E75-49ED-824E-2A2B26F11F54}"
EndProject
Project("{FAE04EC0-301F-11D3-BF4B-00C04F79EFBC}") = "Odev1-6", "Odev1-6\Odev1-6.csproj", "{6CD2FD34-364D-4408-8B01-17805816B641}"
EndProject
Project("{FAE04EC0-301F-11D3-BF4B-00C04F79EFBC}") = "Odev1-7", "Odev1-7\Odev1-7.csproj", "{0D6FBC4A-AA86-49F2-B4DF-CAA1E16613DA}"
EndProject
Global
	GlobalSection(SolutionConfigurationPlatforms) = preSolution
		Debug|Any CPU = Debug|Any CPU
		Release|Any CPU = Release|Any CPU
	EndGlobalSection
	GlobalSection(ProjectConfigurationPlatforms) = postSolution
		{28278B23-E066-453A-88CD-047E3183E368}.Debug|Any CPU.ActiveCfg = Debug|Any CPU
		{28278B23-E066-453A-88CD-047E3183E368}.Debug|Any CPU.Build.0 = Debug|Any CPU
		{28278B23-E066-453A-88CD-047E3183E368}.Release|Any CPU.ActiveCfg = Release|Any CPU
		{28278B23-E066-453A-88CD-047E3183E368}.Release|Any CPU.Build.0 = Release|Any CPU
		{658FE59A-4DE6-47DA-9E14-35EB4F9A9F9B}.Debug|Any CPU.ActiveCfg = Debug|Any CPU
		{658FE59A-4DE6-47DA-9E14-35EB4F9A9F9B}.Debug|Any CPU.Build.0 = Debug|Any CPU
		{658FE59A-4DE6-47DA-9E14-35EB4F9A9F9B}.Release|Any CPU.ActiveCfg = Release|Any CPU
		{658FE59A-4DE6-47DA-9E14-35EB4F9A9F9B}.Release|Any CPU.Build.0 = Release|Any CPU
		{F5B0109D-31C9-4818-9F0E-1D994E3EC743}.Debug|Any CPU.ActiveCfg = Debug|Any CPU
		{F5B0109D-31C9-4818-9F0E-1D994E3EC743}.Debug|Any CPU.Build.0 = Debug|Any CPU
		{F5B0109D-31C9-4818-9F0E-1D994E3EC743}.Release|Any CPU.ActiveCfg = Release|Any CPU
		{F5B0109D-31C9-4818-9F0E-1D994E3EC743}.Release|Any CPU.Build.0 = Release|Any CPU
		{3BF4B293-0FA5-49BB-944B-59B42803475D}.Debug|Any CPU.ActiveCfg = Debug|Any CPU
		{3BF4B293-0FA5-49BB-944B-59B42803475D}.Debug|Any CPU.Build.0 = Debug|Any CPU
		{3BF4B293-0FA5-49BB-944B-59B42803475D}.Release|Any CPU.ActiveCfg = Release|Any CPU
		{3BF4B293-0FA5-49BB-944B-59B42803475D}.Release|Any CPU.Build.0 = Release|Any CPU
		{0E0A2226-4E75-49ED-824E-2A2B26F11F54}.Debug|Any CPU.ActiveCfg = Debug|Any CPU
		{0E0A2226-4E75-49ED-824E-2A2B26F11F54}.Debug|Any CPU.Build.0 = Debug|Any CPU
		{0E0A2226-4E75-49ED-824E-2A2B26F11F54}.Release|Any CPU.ActiveCfg = Release|Any CPU
		{0E0A2226-4E75-49ED-824E-2A2B26F11F54}.Release|Any CPU.Build.0 = Release|Any CPU
		{6CD2FD34-364D-4408-8B01-17805816B641}.Debug|Any CPU.ActiveCfg = Debug|Any CPU
		{6CD2FD34-364D-4408-8B01-17805816B641}.Debug|Any CPU.Build.0 = Debug|Any CPU
		{6CD2FD34-364D-4408-8B01-17805816B641}.Release|Any CPU.ActiveCfg = Release|Any CPU
		{6CD2FD34-364D-4408-8B01-17805816B641}.Release|Any CPU.Build.0 = Release|Any CPU
		{0D6FBC4A-AA86-49F2-B4DF-CAA1E16613DA}.Debug|Any CPU.ActiveCfg = Debug|Any CPU
		{0D6FBC4A-AA86-49F2-B4DF-CAA1E16613DA}.Debug|Any CPU.Build.0 = Debug|Any CPU
		{0D6FBC4A-AA86-49F2-B4DF-CAA1E16613DA}.Release|Any CPU.ActiveCfg = Release|Any CPU
		{0D6FBC4A-AA86-49F2-B4DF-CAA1E16613DA}.Release|Any CPU.Build.0 = Release|Any CPU
	EndGlobalSection
	GlobalSection(SolutionProperties) = preSolution
		HideSolutionNode = FALSE
	EndGlobalSection
	GlobalSection(ExtensibilityGlobals) = postSolution
		SolutionGuid = {CB431348-CE8F-4C03-ADC7-C6ACE61427FE}
	EndGlobalSection
EndGlobal
